
Microsoft Visual Studio Solution File, Format Version 9.00
# Visual Studio 2005
Project("{8BC9CEB8-8B4A-11D0-8D11-00A0C91BC942}") = "Server", "testSocket\testSocket.vcproj", "{4D2ED18C-72CC-4790-9022-3E2796D5B31F}"
EndProject
Project("{8BC9CEB8-8B4A-11D0-8D11-00A0C91BC942}") = "Client", "Client\Client.vcproj", "{6B20EA58-DDD0-4FD2-8DD9-343246398724}"
EndProject
Global
	GlobalSection(SolutionConfigurationPlatforms) = preSolution
		Debug|Win32 = Debug|Win32
		Release|Win32 = Release|Win32
	EndGlobalSection
	GlobalSection(ProjectConfigurationPlatforms) = postSolution
		{4D2ED18C-72CC-4790-9022-3E2796D5B31F}.Debug|Win32.ActiveCfg = Debug|Win32
		{4D2ED18C-72CC-4790-9022-3E2796D5B31F}.Debug|Win32.Build.0 = Debug|Win32
		{4D2ED18C-72CC-4790-9022-3E2796D5B31F}.Release|Win32.ActiveCfg = Release|Win32
		{4D2ED18C-72CC-4790-9022-3E2796D5B31F}.Release|Win32.Build.0 = Release|Win32
		{6B20EA58-DDD0-4FD2-8DD9-343246398724}.Debug|Win32.ActiveCfg = Debug|Win32
		{6B20EA58-DDD0-4FD2-8DD9-343246398724}.Debug|Win32.Build.0 = Debug|Win32
		{6B20EA58-DDD0-4FD2-8DD9-343246398724}.Release|Win32.ActiveCfg = Release|Win32
		{6B20EA58-DDD0-4FD2-8DD9-343246398724}.Release|Win32.Build.0 = Release|Win32
	EndGlobalSection
	GlobalSection(SolutionProperties) = preSolution
		HideSolutionNode = FALSE
	EndGlobalSection
EndGlobal
